
Microsoft Visual Studio Solution File, Format Version 12.00
# Visual Studio Version 16
VisualStudioVersion = 16.0.30621.155
MinimumVisualStudioVersion = 10.0.40219.1
Project("{FAE04EC0-301F-11D3-BF4B-00C04F79EFBC}") = "custome-ioc-container", "custome-ioc-container\custome-ioc-container.csproj", "{06875FF2-2AA8-4F0D-9506-8ADC1807EA8D}"
EndProject
Project("{FAE04EC0-301F-11D3-BF4B-00C04F79EFBC}") = "custom-middleware-pipeline", "custom-middleware-pipeline\custom-middleware-pipeline.csproj", "{1E0A94D2-476A-49DB-8697-2122EB1D599A}"
EndProject
Global
	GlobalSection(SolutionConfigurationPlatforms) = preSolution
		Debug|Any CPU = Debug|Any CPU
		Release|Any CPU = Release|Any CPU
	EndGlobalSection
	GlobalSection(ProjectConfigurationPlatforms) = postSolution
		{06875FF2-2AA8-4F0D-9506-8ADC1807EA8D}.Debug|Any CPU.ActiveCfg = Debug|Any CPU
		{06875FF2-2AA8-4F0D-9506-8ADC1807EA8D}.Debug|Any CPU.Build.0 = Debug|Any CPU
		{06875FF2-2AA8-4F0D-9506-8ADC1807EA8D}.Release|Any CPU.ActiveCfg = Release|Any CPU
		{06875FF2-2AA8-4F0D-9506-8ADC1807EA8D}.Release|Any CPU.Build.0 = Release|Any CPU
		{1E0A94D2-476A-49DB-8697-2122EB1D599A}.Debug|Any CPU.ActiveCfg = Debug|Any CPU
		{1E0A94D2-476A-49DB-8697-2122EB1D599A}.Debug|Any CPU.Build.0 = Debug|Any CPU
		{1E0A94D2-476A-49DB-8697-2122EB1D599A}.Release|Any CPU.ActiveCfg = Release|Any CPU
		{1E0A94D2-476A-49DB-8697-2122EB1D599A}.Release|Any CPU.Build.0 = Release|Any CPU
	EndGlobalSection
	GlobalSection(SolutionProperties) = preSolution
		HideSolutionNode = FALSE
	EndGlobalSection
	GlobalSection(ExtensibilityGlobals) = postSolution
		SolutionGuid = {49E11B18-8610-4E73-9F57-843142E0222E}
	EndGlobalSection
EndGlobal
